
Microsoft Visual Studio Solution File, Format Version 12.00
# Visual Studio Version 17
VisualStudioVersion = 17.4.33213.308
MinimumVisualStudioVersion = 10.0.40219.1
Project("{FAE04EC0-301F-11D3-BF4B-00C04F79EFBC}") = "api3", "api3\api3.csproj", "{DA5F9B9F-D6E9-427D-8085-11612F1786CE}"
EndProject
Global
	GlobalSection(SolutionConfigurationPlatforms) = preSolution
		Debug|Any CPU = Debug|Any CPU
		Release|Any CPU = Release|Any CPU
	EndGlobalSection
	GlobalSection(ProjectConfigurationPlatforms) = postSolution
		{DA5F9B9F-D6E9-427D-8085-11612F1786CE}.Debug|Any CPU.ActiveCfg = Debug|Any CPU
		{DA5F9B9F-D6E9-427D-8085-11612F1786CE}.Debug|Any CPU.Build.0 = Debug|Any CPU
		{DA5F9B9F-D6E9-427D-8085-11612F1786CE}.Release|Any CPU.ActiveCfg = Release|Any CPU
		{DA5F9B9F-D6E9-427D-8085-11612F1786CE}.Release|Any CPU.Build.0 = Release|Any CPU
	EndGlobalSection
	GlobalSection(SolutionProperties) = preSolution
		HideSolutionNode = FALSE
	EndGlobalSection
	GlobalSection(ExtensibilityGlobals) = postSolution
		SolutionGuid = {8C1EE522-9381-473D-AB6A-0EF794C0A8B2}
	EndGlobalSection
EndGlobal
